{
  "name": "polarity-music-tools",
  "version": "1.0.0",
  "lockfileVersion": 3,
  "requires": true,
  "packages": {
    "": {
      "name": "polarity-music-tools",
      "version": "1.0.0",
      "devDependencies": {
        "typed-bitwig-api": "^19.0.0",
        "typescript": "^5.8.3"
      }
    },
    "node_modules/typed-bitwig-api": {
      "version": "19.0.0",
      "resolved": "https://registry.npmjs.org/typed-bitwig-api/-/typed-bitwig-api-19.0.0.tgz",
      "integrity": "sha512-O3jo/uH91tJQUezcvkSP5sZxw1nM4BsKcQDhlzI7EziaHWQT5F/JsbNT1aHxfkmUjD+EON/AAjZeeYQ+NgY6ww==",
      "dev": true,
      "license": "BSD-3-Clause"
    },
    "node_modules/typescript": {
      "version": "5.8.3",
      "resolved": "https://registry.npmjs.org/typescript/-/typescript-5.8.3.tgz",
      "integrity": "sha512-p1diW6TqL9L07nNxvRMM7hMMw4c5XOo/1ibL4aAIGmSAt9slTE1Xgw5KWuof2uTOvCg9BY7ZRi+GaF+7sfgPeQ==",
      "dev": true,
      "license": "Apache-2.0",
      "bin": {
        "tsc": "bin/tsc",
        "tsserver": "bin/tsserver"
      },
      "engines": {
        "node": ">=14.17"
      }
    }
  }
}
